hash: f5194f71065703878e975f489ed7d904ea310e59f897cd2a36a0d7b7fb60d6e7
updated: 2018-07-04T12:19:24.385412+08:00
imports:
- name: cloud.google.com/go
  version: c23afc06f11560eb1e93425b849aee2581c6dcfa
  subpackages:
  - civil
- name: github.com/denisenkom/go-mssqldb
  version: 3724b4745ca99cd0374ace516e93c022c00dfda9
  subpackages:
  - internal/cp
- name: github.com/fatih/color
  version: 2d684516a8861da43017284349b7e303e809ac21
- name: github.com/go-macaron/binding
  version: ac54ee249c27dca7e76fad851a4a04b73bd1b183
- name: github.com/go-macaron/cache
  version: 56173531277692bc2925924d51fda1cd0a6b8178
- name: github.com/go-macaron/csrf
  version: 503617c6b37257a55dff6293ec28556506c3a9a8
- name: github.com/go-macaron/gzip
  version: cad1c6580a07c56f5f6bc52d66002a05985c5854
- name: github.com/go-macaron/inject
  version: d8a0b8677191f4380287cfebd08e462217bac7ad
- name: github.com/go-macaron/session
  version: b8e286a0dba8f4999042d6b258daf51b31d08938
- name: github.com/go-macaron/toolbox
  version: 6766b8f16d1b135b250f09ba4dc4e24ab65b1107
- name: github.com/go-sql-driver/mysql
  version: 749ddf1598b47e3cd909414bda735fe790ef3d30
- name: github.com/go-xorm/builder
  version: 92cb06fde99cbf0d058584238724499211913702
- name: github.com/go-xorm/core
  version: c10e21e7e1cec20e09398f2dfae385e58c8df555
- name: github.com/go-xorm/xorm
  version: f16ce722ec150ade2c2e5a08a6fed64706c79465
- name: github.com/hokaccha/go-prettyjson
  version: d229c224a219dcf41e9d2af4684b9782f33f5eb7
- name: github.com/json-iterator/go
  version: ab8a2e0c74be9d3be70b3184d9acc634935ded82
- name: github.com/jtblin/go-ldap-client
  version: b73f66626b33ca4ac4fd6558efbb062c4fe4e52c
- name: github.com/klauspost/compress
  version: a17685a03bf4c0a9219e110eb90e028b36193570
  subpackages:
  - flate
  - gzip
- name: github.com/klauspost/cpuid
  version: e7e905edc00ea8827e58662220139109efea09db
- name: github.com/lib/pq
  version: 90697d60dd844d5ef6ff15135d0203f65d2f53b8
  subpackages:
  - oid
- name: github.com/mattn/go-colorable
  version: efa589957cd060542a26d2dd7832fd6a6c6c3ade
- name: github.com/mattn/go-isatty
  version: 6ca4dbf54d38eea1a992b3c722a76a5d1c4cb25c
- name: github.com/microcosm-cc/bluemonday
  version: f0761eb8ed07c1cc892ef631b00c33463b9b6868
- name: github.com/modern-go/concurrent
  version: bacd9c7ef1dd9b15be4a9909b8ac7a4e313eec94
- name: github.com/modern-go/reflect2
  version: 4b7aa43c6742a2c18fdef89dd197aaae7dac7ccd
- name: github.com/satori/go.uuid
  version: 36e9d2ebbde5e3f13ab2e25625fd453271d6522e
- name: github.com/Unknwon/com
  version: da59b551951d50441ca26b7a8cd81317f34df87f
- name: github.com/Unknwon/i18n
  version: b64d336589669d317928070e70ba0ae558f16633
- name: github.com/urfave/cli
  version: 8e01ec4cd3e2d84ab2fe90d8210528ffbb06d8ff
- name: golang.org/x/crypto
  version: a49355c7e3f8fe157a85be2f77e6e269a0f89602
  subpackages:
  - md4
  - pbkdf2
- name: golang.org/x/net
  version: ed29d75add3d7c4bf7ca65aac0c6df3d1420216f
  subpackages:
  - html
  - html/atom
- name: golang.org/x/sys
  version: d75a52659825e75fff6158388dddc6a5b04f9ba5
  subpackages:
  - unix
- name: google.golang.org/appengine
  version: b1f26356af11148e710935ed1ac8a7f5702c7612
  subpackages:
  - cloudsql
- name: gopkg.in/asn1-ber.v1
  version: 379148ca0225df7a432012b8df0355c2a2063ac0
- name: gopkg.in/clog.v1
  version: 3bc2eaba5fa35df0338549cc1180dc45f6fc2a16
- name: gopkg.in/ini.v1
  version: 06f5f3d67269ccec1fe5fe4134ba6e982984f7f5
- name: gopkg.in/ldap.v2
  version: bb7a9ca6e4fbc2129e3db588a34bc970ffe811a9
- name: gopkg.in/macaron.v1
  version: c1be95e6d21e769e44e1ec33cec9da5837861c10
testImports: []
